
Microsoft Visual Studio Solution File, Format Version 12.00
# Visual Studio Version 17
VisualStudioVersion = 17.1.31903.286
MinimumVisualStudioVersion = 10.0.40219.1
Project("{2150E333-8FDC-42A3-9474-1A3956D46DE8}") = "Core", "Core", "{45FFBEC0-FFF0-4964-A506-F326A76702CC}"
EndProject
Project("{2150E333-8FDC-42A3-9474-1A3956D46DE8}") = "Apps", "Apps", "{61325513-BB52-47A8-AFDD-755454AD71F8}"
EndProject
Project("{2150E333-8FDC-42A3-9474-1A3956D46DE8}") = "Tests", "Tests", "{7B06ED10-5DDF-4EFB-9CD7-37B9415EDD3D}"
EndProject
Project("{9A19103F-16F7-4668-BE54-9A1E7A4F7556}") = "Logistics.Domain", "src\Core\Logistics.Domain\Logistics.Domain.csproj", "{E92A6E55-158F-48CE-9774-6E81DB77F81C}"
EndProject
Project("{FAE04EC0-301F-11D3-BF4B-00C04F79EFBC}") = "Logistics.DriverApp.Android", "src\Apps\Logistics.DriverApp\Logistics.DriverApp.Android\Logistics.DriverApp.Android.csproj", "{EB733A5F-8543-4321-B65D-92178A78355C}"
EndProject
Project("{FAE04EC0-301F-11D3-BF4B-00C04F79EFBC}") = "Logistics.DriverApp.iOS", "src\Apps\Logistics.DriverApp\Logistics.DriverApp.iOS\Logistics.DriverApp.iOS.csproj", "{B496CEE9-CEF6-4A06-B592-E06001FA2E35}"
EndProject
Project("{9A19103F-16F7-4668-BE54-9A1E7A4F7556}") = "Logistics.DriverApp", "src\Apps\Logistics.DriverApp\Logistics.DriverApp\Logistics.DriverApp.csproj", "{C17B470A-02A7-4B34-A3D1-4047F5ACADA1}"
EndProject
Project("{9A19103F-16F7-4668-BE54-9A1E7A4F7556}") = "Logistics.Application", "src\Core\Logistics.Application\Logistics.Application.csproj", "{53B069CE-0FEB-4191-B82D-BCE01159AE90}"
EndProject
Project("{9A19103F-16F7-4668-BE54-9A1E7A4F7556}") = "Logistics.EntityFramework", "src\Core\Logistics.EntityFramework\Logistics.EntityFramework.csproj", "{0646E83A-CB9F-458A-BD84-8F2AE768CB91}"
EndProject
Project("{9A19103F-16F7-4668-BE54-9A1E7A4F7556}") = "Logistics.EntityFramework.DbMigrations", "src\Core\Logistics.EntityFramework.DbMigrations\Logistics.EntityFramework.DbMigrations.csproj", "{D1AE20C1-9935-4E21-8F37-9C42507BCC4E}"
EndProject
Project("{9A19103F-16F7-4668-BE54-9A1E7A4F7556}") = "Logistics.DbMigrator", "src\Core\Logistics.DbMigrator\Logistics.DbMigrator.csproj", "{8DD2261D-CE7C-4857-9982-C0F3A51C6BFB}"
EndProject
Project("{9A19103F-16F7-4668-BE54-9A1E7A4F7556}") = "Logistics.Application.Contracts", "src\Core\Logistics.Application.Contracts\Logistics.Application.Contracts.csproj", "{9B2E6306-3DEC-4062-95B4-2DAFFF5F9493}"
EndProject
Project("{2150E333-8FDC-42A3-9474-1A3956D46DE8}") = "DriverApp", "DriverApp", "{4AB23A25-E5F7-4BA0-BF97-048B579B0659}"
EndProject
Project("{2150E333-8FDC-42A3-9474-1A3956D46DE8}") = "Api", "Api", "{F47DBB17-4146-4B24-9E95-5CE0DF59BF35}"
EndProject
Project("{9A19103F-16F7-4668-BE54-9A1E7A4F7556}") = "Logistics.WebApi.Client", "src\Api\Logistics.WebApi.Client\Logistics.WebApi.Client.csproj", "{A2272F96-50F5-40EA-88E7-15EA8EEE1022}"
EndProject
Project("{9A19103F-16F7-4668-BE54-9A1E7A4F7556}") = "Logistics.AdminApp", "src\Apps\Logistics.AdminApp\Logistics.AdminApp.csproj", "{DF51C0A1-7800-4C9B-A72B-A9A8A492C0FF}"
EndProject
Project("{9A19103F-16F7-4668-BE54-9A1E7A4F7556}") = "Logistics.WebApi", "src\Api\Logistics.WebApi\Logistics.WebApi.csproj", "{48AA06BC-140B-49B8-AD72-95B5FC6A2D4B}"
EndProject
Project("{FAE04EC0-301F-11D3-BF4B-00C04F79EFBC}") = "Logistics.Domain.Shared", "src\Core\Logistics.Domain.Shared\Logistics.Domain.Shared.csproj", "{EF791BC5-B321-47DA-BDFF-29FA15547ACC}"
EndProject
Global
	GlobalSection(SolutionConfigurationPlatforms) = preSolution
		Debug|Any CPU = Debug|Any CPU
		Debug|iPhone = Debug|iPhone
		Debug|iPhoneSimulator = Debug|iPhoneSimulator
		Release|Any CPU = Release|Any CPU
		Release|iPhone = Release|iPhone
		Release|iPhoneSimulator = Release|iPhoneSimulator
	EndGlobalSection
	GlobalSection(ProjectConfigurationPlatforms) = postSolution
		{E92A6E55-158F-48CE-9774-6E81DB77F81C}.Debug|Any CPU.ActiveCfg = Debug|Any CPU
		{E92A6E55-158F-48CE-9774-6E81DB77F81C}.Debug|Any CPU.Build.0 = Debug|Any CPU
		{E92A6E55-158F-48CE-9774-6E81DB77F81C}.Debug|iPhone.ActiveCfg = Debug|Any CPU
		{E92A6E55-158F-48CE-9774-6E81DB77F81C}.Debug|iPhone.Build.0 = Debug|Any CPU
		{E92A6E55-158F-48CE-9774-6E81DB77F81C}.Debug|iPhoneSimulator.ActiveCfg = Debug|Any CPU
		{E92A6E55-158F-48CE-9774-6E81DB77F81C}.Debug|iPhoneSimulator.Build.0 = Debug|Any CPU
		{E92A6E55-158F-48CE-9774-6E81DB77F81C}.Release|Any CPU.ActiveCfg = Release|Any CPU
		{E92A6E55-158F-48CE-9774-6E81DB77F81C}.Release|Any CPU.Build.0 = Release|Any CPU
		{E92A6E55-158F-48CE-9774-6E81DB77F81C}.Release|iPhone.ActiveCfg = Release|Any CPU
		{E92A6E55-158F-48CE-9774-6E81DB77F81C}.Release|iPhone.Build.0 = Release|Any CPU
		{E92A6E55-158F-48CE-9774-6E81DB77F81C}.Release|iPhoneSimulator.ActiveCfg = Release|Any CPU
		{E92A6E55-158F-48CE-9774-6E81DB77F81C}.Release|iPhoneSimulator.Build.0 = Release|Any CPU
		{EB733A5F-8543-4321-B65D-92178A78355C}.Debug|Any CPU.ActiveCfg = Debug|Any CPU
		{EB733A5F-8543-4321-B65D-92178A78355C}.Debug|Any CPU.Build.0 = Debug|Any CPU
		{EB733A5F-8543-4321-B65D-92178A78355C}.Debug|Any CPU.Deploy.0 = Debug|Any CPU
		{EB733A5F-8543-4321-B65D-92178A78355C}.Debug|iPhone.ActiveCfg = Debug|Any CPU
		{EB733A5F-8543-4321-B65D-92178A78355C}.Debug|iPhone.Build.0 = Debug|Any CPU
		{EB733A5F-8543-4321-B65D-92178A78355C}.Debug|iPhone.Deploy.0 = Debug|Any CPU
		{EB733A5F-8543-4321-B65D-92178A78355C}.Debug|iPhoneSimulator.ActiveCfg = Debug|Any CPU
		{EB733A5F-8543-4321-B65D-92178A78355C}.Debug|iPhoneSimulator.Build.0 = Debug|Any CPU
		{EB733A5F-8543-4321-B65D-92178A78355C}.Debug|iPhoneSimulator.Deploy.0 = Debug|Any CPU
		{EB733A5F-8543-4321-B65D-92178A78355C}.Release|Any CPU.ActiveCfg = Release|Any CPU
		{EB733A5F-8543-4321-B65D-92178A78355C}.Release|Any CPU.Build.0 = Release|Any CPU
		{EB733A5F-8543-4321-B65D-92178A78355C}.Release|Any CPU.Deploy.0 = Release|Any CPU
		{EB733A5F-8543-4321-B65D-92178A78355C}.Release|iPhone.ActiveCfg = Release|Any CPU
		{EB733A5F-8543-4321-B65D-92178A78355C}.Release|iPhone.Build.0 = Release|Any CPU
		{EB733A5F-8543-4321-B65D-92178A78355C}.Release|iPhone.Deploy.0 = Release|Any CPU
		{EB733A5F-8543-4321-B65D-92178A78355C}.Release|iPhoneSimulator.ActiveCfg = Release|Any CPU
		{EB733A5F-8543-4321-B65D-92178A78355C}.Release|iPhoneSimulator.Build.0 = Release|Any CPU
		{EB733A5F-8543-4321-B65D-92178A78355C}.Release|iPhoneSimulator.Deploy.0 = Release|Any CPU
		{B496CEE9-CEF6-4A06-B592-E06001FA2E35}.Debug|Any CPU.ActiveCfg = Debug|iPhoneSimulator
		{B496CEE9-CEF6-4A06-B592-E06001FA2E35}.Debug|Any CPU.Build.0 = Debug|iPhoneSimulator
		{B496CEE9-CEF6-4A06-B592-E06001FA2E35}.Debug|iPhone.ActiveCfg = Debug|iPhone
		{B496CEE9-CEF6-4A06-B592-E06001FA2E35}.Debug|iPhone.Build.0 = Debug|iPhone
		{B496CEE9-CEF6-4A06-B592-E06001FA2E35}.Debug|iPhoneSimulator.ActiveCfg = Debug|iPhoneSimulator
		{B496CEE9-CEF6-4A06-B592-E06001FA2E35}.Debug|iPhoneSimulator.Build.0 = Debug|iPhoneSimulator
		{B496CEE9-CEF6-4A06-B592-E06001FA2E35}.Release|Any CPU.ActiveCfg = Release|iPhoneSimulator
		{B496CEE9-CEF6-4A06-B592-E06001FA2E35}.Release|Any CPU.Build.0 = Release|iPhoneSimulator
		{B496CEE9-CEF6-4A06-B592-E06001FA2E35}.Release|iPhone.ActiveCfg = Release|iPhone
		{B496CEE9-CEF6-4A06-B592-E06001FA2E35}.Release|iPhone.Build.0 = Release|iPhone
		{B496CEE9-CEF6-4A06-B592-E06001FA2E35}.Release|iPhoneSimulator.ActiveCfg = Release|iPhoneSimulator
		{B496CEE9-CEF6-4A06-B592-E06001FA2E35}.Release|iPhoneSimulator.Build.0 = Release|iPhoneSimulator
		{C17B470A-02A7-4B34-A3D1-4047F5ACADA1}.Debug|Any CPU.ActiveCfg = Debug|Any CPU
		{C17B470A-02A7-4B34-A3D1-4047F5ACADA1}.Debug|Any CPU.Build.0 = Debug|Any CPU
		{C17B470A-02A7-4B34-A3D1-4047F5ACADA1}.Debug|iPhone.ActiveCfg = Debug|Any CPU
		{C17B470A-02A7-4B34-A3D1-4047F5ACADA1}.Debug|iPhone.Build.0 = Debug|Any CPU
		{C17B470A-02A7-4B34-A3D1-4047F5ACADA1}.Debug|iPhoneSimulator.ActiveCfg = Debug|Any CPU
		{C17B470A-02A7-4B34-A3D1-4047F5ACADA1}.Debug|iPhoneSimulator.Build.0 = Debug|Any CPU
		{C17B470A-02A7-4B34-A3D1-4047F5ACADA1}.Release|Any CPU.ActiveCfg = Release|Any CPU
		{C17B470A-02A7-4B34-A3D1-4047F5ACADA1}.Release|Any CPU.Build.0 = Release|Any CPU
		{C17B470A-02A7-4B34-A3D1-4047F5ACADA1}.Release|iPhone.ActiveCfg = Release|Any CPU
		{C17B470A-02A7-4B34-A3D1-4047F5ACADA1}.Release|iPhone.Build.0 = Release|Any CPU
		{C17B470A-02A7-4B34-A3D1-4047F5ACADA1}.Release|iPhoneSimulator.ActiveCfg = Release|Any CPU
		{C17B470A-02A7-4B34-A3D1-4047F5ACADA1}.Release|iPhoneSimulator.Build.0 = Release|Any CPU
		{53B069CE-0FEB-4191-B82D-BCE01159AE90}.Debug|Any CPU.ActiveCfg = Debug|Any CPU
		{53B069CE-0FEB-4191-B82D-BCE01159AE90}.Debug|Any CPU.Build.0 = Debug|Any CPU
		{53B069CE-0FEB-4191-B82D-BCE01159AE90}.Debug|iPhone.ActiveCfg = Debug|Any CPU
		{53B069CE-0FEB-4191-B82D-BCE01159AE90}.Debug|iPhone.Build.0 = Debug|Any CPU
		{53B069CE-0FEB-4191-B82D-BCE01159AE90}.Debug|iPhoneSimulator.ActiveCfg = Debug|Any CPU
		{53B069CE-0FEB-4191-B82D-BCE01159AE90}.Debug|iPhoneSimulator.Build.0 = Debug|Any CPU
		{53B069CE-0FEB-4191-B82D-BCE01159AE90}.Release|Any CPU.ActiveCfg = Release|Any CPU
		{53B069CE-0FEB-4191-B82D-BCE01159AE90}.Release|Any CPU.Build.0 = Release|Any CPU
		{53B069CE-0FEB-4191-B82D-BCE01159AE90}.Release|iPhone.ActiveCfg = Release|Any CPU
		{53B069CE-0FEB-4191-B82D-BCE01159AE90}.Release|iPhone.Build.0 = Release|Any CPU
		{53B069CE-0FEB-4191-B82D-BCE01159AE90}.Release|iPhoneSimulator.ActiveCfg = Release|Any CPU
		{53B069CE-0FEB-4191-B82D-BCE01159AE90}.Release|iPhoneSimulator.Build.0 = Release|Any CPU
		{0646E83A-CB9F-458A-BD84-8F2AE768CB91}.Debug|Any CPU.ActiveCfg = Debug|Any CPU
		{0646E83A-CB9F-458A-BD84-8F2AE768CB91}.Debug|Any CPU.Build.0 = Debug|Any CPU
		{0646E83A-CB9F-458A-BD84-8F2AE768CB91}.Debug|iPhone.ActiveCfg = Debug|Any CPU
		{0646E83A-CB9F-458A-BD84-8F2AE768CB91}.Debug|iPhone.Build.0 = Debug|Any CPU
		{0646E83A-CB9F-458A-BD84-8F2AE768CB91}.Debug|iPhoneSimulator.ActiveCfg = Debug|Any CPU
		{0646E83A-CB9F-458A-BD84-8F2AE768CB91}.Debug|iPhoneSimulator.Build.0 = Debug|Any CPU
		{0646E83A-CB9F-458A-BD84-8F2AE768CB91}.Release|Any CPU.ActiveCfg = Release|Any CPU
		{0646E83A-CB9F-458A-BD84-8F2AE768CB91}.Release|Any CPU.Build.0 = Release|Any CPU
		{0646E83A-CB9F-458A-BD84-8F2AE768CB91}.Release|iPhone.ActiveCfg = Release|Any CPU
		{0646E83A-CB9F-458A-BD84-8F2AE768CB91}.Release|iPhone.Build.0 = Release|Any CPU
		{0646E83A-CB9F-458A-BD84-8F2AE768CB91}.Release|iPhoneSimulator.ActiveCfg = Release|Any CPU
		{0646E83A-CB9F-458A-BD84-8F2AE768CB91}.Release|iPhoneSimulator.Build.0 = Release|Any CPU
		{D1AE20C1-9935-4E21-8F37-9C42507BCC4E}.Debug|Any CPU.ActiveCfg = Debug|Any CPU
		{D1AE20C1-9935-4E21-8F37-9C42507BCC4E}.Debug|Any CPU.Build.0 = Debug|Any CPU
		{D1AE20C1-9935-4E21-8F37-9C42507BCC4E}.Debug|iPhone.ActiveCfg = Debug|Any CPU
		{D1AE20C1-9935-4E21-8F37-9C42507BCC4E}.Debug|iPhone.Build.0 = Debug|Any CPU
		{D1AE20C1-9935-4E21-8F37-9C42507BCC4E}.Debug|iPhoneSimulator.ActiveCfg = Debug|Any CPU
		{D1AE20C1-9935-4E21-8F37-9C42507BCC4E}.Debug|iPhoneSimulator.Build.0 = Debug|Any CPU
		{D1AE20C1-9935-4E21-8F37-9C42507BCC4E}.Release|Any CPU.ActiveCfg = Release|Any CPU
		{D1AE20C1-9935-4E21-8F37-9C42507BCC4E}.Release|Any CPU.Build.0 = Release|Any CPU
		{D1AE20C1-9935-4E21-8F37-9C42507BCC4E}.Release|iPhone.ActiveCfg = Release|Any CPU
		{D1AE20C1-9935-4E21-8F37-9C42507BCC4E}.Release|iPhone.Build.0 = Release|Any CPU
		{D1AE20C1-9935-4E21-8F37-9C42507BCC4E}.Release|iPhoneSimulator.ActiveCfg = Release|Any CPU
		{D1AE20C1-9935-4E21-8F37-9C42507BCC4E}.Release|iPhoneSimulator.Build.0 = Release|Any CPU
		{8DD2261D-CE7C-4857-9982-C0F3A51C6BFB}.Debug|Any CPU.ActiveCfg = Debug|Any CPU
		{8DD2261D-CE7C-4857-9982-C0F3A51C6BFB}.Debug|Any CPU.Build.0 = Debug|Any CPU
		{8DD2261D-CE7C-4857-9982-C0F3A51C6BFB}.Debug|iPhone.ActiveCfg = Debug|Any CPU
		{8DD2261D-CE7C-4857-9982-C0F3A51C6BFB}.Debug|iPhone.Build.0 = Debug|Any CPU
		{8DD2261D-CE7C-4857-9982-C0F3A51C6BFB}.Debug|iPhoneSimulator.ActiveCfg = Debug|Any CPU
		{8DD2261D-CE7C-4857-9982-C0F3A51C6BFB}.Debug|iPhoneSimulator.Build.0 = Debug|Any CPU
		{8DD2261D-CE7C-4857-9982-C0F3A51C6BFB}.Release|Any CPU.ActiveCfg = Release|Any CPU
		{8DD2261D-CE7C-4857-9982-C0F3A51C6BFB}.Release|Any CPU.Build.0 = Release|Any CPU
		{8DD2261D-CE7C-4857-9982-C0F3A51C6BFB}.Release|iPhone.ActiveCfg = Release|Any CPU
		{8DD2261D-CE7C-4857-9982-C0F3A51C6BFB}.Release|iPhone.Build.0 = Release|Any CPU
		{8DD2261D-CE7C-4857-9982-C0F3A51C6BFB}.Release|iPhoneSimulator.ActiveCfg = Release|Any CPU
		{8DD2261D-CE7C-4857-9982-C0F3A51C6BFB}.Release|iPhoneSimulator.Build.0 = Release|Any CPU
		{9B2E6306-3DEC-4062-95B4-2DAFFF5F9493}.Debug|Any CPU.ActiveCfg = Debug|Any CPU
		{9B2E6306-3DEC-4062-95B4-2DAFFF5F9493}.Debug|Any CPU.Build.0 = Debug|Any CPU
		{9B2E6306-3DEC-4062-95B4-2DAFFF5F9493}.Debug|iPhone.ActiveCfg = Debug|Any CPU
		{9B2E6306-3DEC-4062-95B4-2DAFFF5F9493}.Debug|iPhone.Build.0 = Debug|Any CPU
		{9B2E6306-3DEC-4062-95B4-2DAFFF5F9493}.Debug|iPhoneSimulator.ActiveCfg = Debug|Any CPU
		{9B2E6306-3DEC-4062-95B4-2DAFFF5F9493}.Debug|iPhoneSimulator.Build.0 = Debug|Any CPU
		{9B2E6306-3DEC-4062-95B4-2DAFFF5F9493}.Release|Any CPU.ActiveCfg = Release|Any CPU
		{9B2E6306-3DEC-4062-95B4-2DAFFF5F9493}.Release|Any CPU.Build.0 = Release|Any CPU
		{9B2E6306-3DEC-4062-95B4-2DAFFF5F9493}.Release|iPhone.ActiveCfg = Release|Any CPU
		{9B2E6306-3DEC-4062-95B4-2DAFFF5F9493}.Release|iPhone.Build.0 = Release|Any CPU
		{9B2E6306-3DEC-4062-95B4-2DAFFF5F9493}.Release|iPhoneSimulator.ActiveCfg = Release|Any CPU
		{9B2E6306-3DEC-4062-95B4-2DAFFF5F9493}.Release|iPhoneSimulator.Build.0 = Release|Any CPU
		{A2272F96-50F5-40EA-88E7-15EA8EEE1022}.Debug|Any CPU.ActiveCfg = Debug|Any CPU
		{A2272F96-50F5-40EA-88E7-15EA8EEE1022}.Debug|Any CPU.Build.0 = Debug|Any CPU
		{A2272F96-50F5-40EA-88E7-15EA8EEE1022}.Debug|iPhone.ActiveCfg = Debug|Any CPU
		{A2272F96-50F5-40EA-88E7-15EA8EEE1022}.Debug|iPhone.Build.0 = Debug|Any CPU
		{A2272F96-50F5-40EA-88E7-15EA8EEE1022}.Debug|iPhoneSimulator.ActiveCfg = Debug|Any CPU
		{A2272F96-50F5-40EA-88E7-15EA8EEE1022}.Debug|iPhoneSimulator.Build.0 = Debug|Any CPU
		{A2272F96-50F5-40EA-88E7-15EA8EEE1022}.Release|Any CPU.ActiveCfg = Release|Any CPU
		{A2272F96-50F5-40EA-88E7-15EA8EEE1022}.Release|Any CPU.Build.0 = Release|Any CPU
		{A2272F96-50F5-40EA-88E7-15EA8EEE1022}.Release|iPhone.ActiveCfg = Release|Any CPU
		{A2272F96-50F5-40EA-88E7-15EA8EEE1022}.Release|iPhone.Build.0 = Release|Any CPU
		{A2272F96-50F5-40EA-88E7-15EA8EEE1022}.Release|iPhoneSimulator.ActiveCfg = Release|Any CPU
		{A2272F96-50F5-40EA-88E7-15EA8EEE1022}.Release|iPhoneSimulator.Build.0 = Release|Any CPU
		{DF51C0A1-7800-4C9B-A72B-A9A8A492C0FF}.Debug|Any CPU.ActiveCfg = Debug|Any CPU
		{DF51C0A1-7800-4C9B-A72B-A9A8A492C0FF}.Debug|Any CPU.Build.0 = Debug|Any CPU
		{DF51C0A1-7800-4C9B-A72B-A9A8A492C0FF}.Debug|iPhone.ActiveCfg = Debug|Any CPU
		{DF51C0A1-7800-4C9B-A72B-A9A8A492C0FF}.Debug|iPhone.Build.0 = Debug|Any CPU
		{DF51C0A1-7800-4C9B-A72B-A9A8A492C0FF}.Debug|iPhoneSimulator.ActiveCfg = Debug|Any CPU
		{DF51C0A1-7800-4C9B-A72B-A9A8A492C0FF}.Debug|iPhoneSimulator.Build.0 = Debug|Any CPU
		{DF51C0A1-7800-4C9B-A72B-A9A8A492C0FF}.Release|Any CPU.ActiveCfg = Release|Any CPU
		{DF51C0A1-7800-4C9B-A72B-A9A8A492C0FF}.Release|Any CPU.Build.0 = Release|Any CPU
		{DF51C0A1-7800-4C9B-A72B-A9A8A492C0FF}.Release|iPhone.ActiveCfg = Release|Any CPU
		{DF51C0A1-7800-4C9B-A72B-A9A8A492C0FF}.Release|iPhone.Build.0 = Release|Any CPU
		{DF51C0A1-7800-4C9B-A72B-A9A8A492C0FF}.Release|iPhoneSimulator.ActiveCfg = Release|Any CPU
		{DF51C0A1-7800-4C9B-A72B-A9A8A492C0FF}.Release|iPhoneSimulator.Build.0 = Release|Any CPU
		{48AA06BC-140B-49B8-AD72-95B5FC6A2D4B}.Debug|Any CPU.ActiveCfg = Debug|Any CPU
		{48AA06BC-140B-49B8-AD72-95B5FC6A2D4B}.Debug|Any CPU.Build.0 = Debug|Any CPU
		{48AA06BC-140B-49B8-AD72-95B5FC6A2D4B}.Debug|iPhone.ActiveCfg = Debug|Any CPU
		{48AA06BC-140B-49B8-AD72-95B5FC6A2D4B}.Debug|iPhone.Build.0 = Debug|Any CPU
		{48AA06BC-140B-49B8-AD72-95B5FC6A2D4B}.Debug|iPhoneSimulator.ActiveCfg = Debug|Any CPU
		{48AA06BC-140B-49B8-AD72-95B5FC6A2D4B}.Debug|iPhoneSimulator.Build.0 = Debug|Any CPU
		{48AA06BC-140B-49B8-AD72-95B5FC6A2D4B}.Release|Any CPU.ActiveCfg = Release|Any CPU
		{48AA06BC-140B-49B8-AD72-95B5FC6A2D4B}.Release|Any CPU.Build.0 = Release|Any CPU
		{48AA06BC-140B-49B8-AD72-95B5FC6A2D4B}.Release|iPhone.ActiveCfg = Release|Any CPU
		{48AA06BC-140B-49B8-AD72-95B5FC6A2D4B}.Release|iPhone.Build.0 = Release|Any CPU
		{48AA06BC-140B-49B8-AD72-95B5FC6A2D4B}.Release|iPhoneSimulator.ActiveCfg = Release|Any CPU
		{48AA06BC-140B-49B8-AD72-95B5FC6A2D4B}.Release|iPhoneSimulator.Build.0 = Release|Any CPU
		{EF791BC5-B321-47DA-BDFF-29FA15547ACC}.Debug|Any CPU.ActiveCfg = Debug|Any CPU
		{EF791BC5-B321-47DA-BDFF-29FA15547ACC}.Debug|Any CPU.Build.0 = Debug|Any CPU
		{EF791BC5-B321-47DA-BDFF-29FA15547ACC}.Debug|iPhone.ActiveCfg = Debug|Any CPU
		{EF791BC5-B321-47DA-BDFF-29FA15547ACC}.Debug|iPhone.Build.0 = Debug|Any CPU
		{EF791BC5-B321-47DA-BDFF-29FA15547ACC}.Debug|iPhoneSimulator.ActiveCfg = Debug|Any CPU
		{EF791BC5-B321-47DA-BDFF-29FA15547ACC}.Debug|iPhoneSimulator.Build.0 = Debug|Any CPU
		{EF791BC5-B321-47DA-BDFF-29FA15547ACC}.Release|Any CPU.ActiveCfg = Release|Any CPU
		{EF791BC5-B321-47DA-BDFF-29FA15547ACC}.Release|Any CPU.Build.0 = Release|Any CPU
		{EF791BC5-B321-47DA-BDFF-29FA15547ACC}.Release|iPhone.ActiveCfg = Release|Any CPU
		{EF791BC5-B321-47DA-BDFF-29FA15547ACC}.Release|iPhone.Build.0 = Release|Any CPU
		{EF791BC5-B321-47DA-BDFF-29FA15547ACC}.Release|iPhoneSimulator.ActiveCfg = Release|Any CPU
		{EF791BC5-B321-47DA-BDFF-29FA15547ACC}.Release|iPhoneSimulator.Build.0 = Release|Any CPU
	EndGlobalSection
	GlobalSection(SolutionProperties) = preSolution
		HideSolutionNode = FALSE
	EndGlobalSection
	GlobalSection(NestedProjects) = preSolution
		{E92A6E55-158F-48CE-9774-6E81DB77F81C} = {45FFBEC0-FFF0-4964-A506-F326A76702CC}
		{EB733A5F-8543-4321-B65D-92178A78355C} = {4AB23A25-E5F7-4BA0-BF97-048B579B0659}
		{B496CEE9-CEF6-4A06-B592-E06001FA2E35} = {4AB23A25-E5F7-4BA0-BF97-048B579B0659}
		{C17B470A-02A7-4B34-A3D1-4047F5ACADA1} = {4AB23A25-E5F7-4BA0-BF97-048B579B0659}
		{53B069CE-0FEB-4191-B82D-BCE01159AE90} = {45FFBEC0-FFF0-4964-A506-F326A76702CC}
		{0646E83A-CB9F-458A-BD84-8F2AE768CB91} = {45FFBEC0-FFF0-4964-A506-F326A76702CC}
		{D1AE20C1-9935-4E21-8F37-9C42507BCC4E} = {45FFBEC0-FFF0-4964-A506-F326A76702CC}
		{8DD2261D-CE7C-4857-9982-C0F3A51C6BFB} = {45FFBEC0-FFF0-4964-A506-F326A76702CC}
		{9B2E6306-3DEC-4062-95B4-2DAFFF5F9493} = {45FFBEC0-FFF0-4964-A506-F326A76702CC}
		{4AB23A25-E5F7-4BA0-BF97-048B579B0659} = {61325513-BB52-47A8-AFDD-755454AD71F8}
		{A2272F96-50F5-40EA-88E7-15EA8EEE1022} = {F47DBB17-4146-4B24-9E95-5CE0DF59BF35}
		{DF51C0A1-7800-4C9B-A72B-A9A8A492C0FF} = {61325513-BB52-47A8-AFDD-755454AD71F8}
		{48AA06BC-140B-49B8-AD72-95B5FC6A2D4B} = {F47DBB17-4146-4B24-9E95-5CE0DF59BF35}
		{EF791BC5-B321-47DA-BDFF-29FA15547ACC} = {45FFBEC0-FFF0-4964-A506-F326A76702CC}
	EndGlobalSection
	GlobalSection(ExtensibilityGlobals) = postSolution
		SolutionGuid = {C75A7F7A-4BBD-445A-9FCC-B0D18AAA404B}
	EndGlobalSection
EndGlobal
