
Microsoft Visual Studio Solution File, Format Version 12.00
# Visual Studio Version 17
VisualStudioVersion = 17.1.31903.286
MinimumVisualStudioVersion = 10.0.40219.1
Project("{2150E333-8FDC-42A3-9474-1A3956D46DE8}") = "Client", "Client", "{61325513-BB52-47A8-AFDD-755454AD71F8}"
EndProject
Project("{2150E333-8FDC-42A3-9474-1A3956D46DE8}") = "Test", "Test", "{7B06ED10-5DDF-4EFB-9CD7-37B9415EDD3D}"
EndProject
Project("{9A19103F-16F7-4668-BE54-9A1E7A4F7556}") = "Logistics.Domain", "src\Server\Logistics.Domain\Logistics.Domain.csproj", "{E92A6E55-158F-48CE-9774-6E81DB77F81C}"
EndProject
Project("{9A19103F-16F7-4668-BE54-9A1E7A4F7556}") = "Logistics.Infrastructure.EF", "src\Server\Logistics.Infrastructure.EF\Logistics.Infrastructure.EF.csproj", "{0646E83A-CB9F-458A-BD84-8F2AE768CB91}"
EndProject
Project("{2150E333-8FDC-42A3-9474-1A3956D46DE8}") = "Server", "Server", "{F47DBB17-4146-4B24-9E95-5CE0DF59BF35}"
EndProject
Project("{9A19103F-16F7-4668-BE54-9A1E7A4F7556}") = "Logistics.HttpClient", "src\Client\Logistics.HttpClient\Logistics.HttpClient.csproj", "{A2272F96-50F5-40EA-88E7-15EA8EEE1022}"
EndProject
Project("{9A19103F-16F7-4668-BE54-9A1E7A4F7556}") = "Logistics.API", "src\Server\Logistics.API\Logistics.API.csproj", "{48AA06BC-140B-49B8-AD72-95B5FC6A2D4B}"
EndProject
Project("{9A19103F-16F7-4668-BE54-9A1E7A4F7556}") = "Logistics.Application", "src\Server\Logistics.Application\Logistics.Application.csproj", "{77D09657-5BE2-4462-AE24-39612759625A}"
EndProject
Project("{9A19103F-16F7-4668-BE54-9A1E7A4F7556}") = "Logistics.IdentityServer", "src\Server\Logistics.IdentityServer\Logistics.IdentityServer.csproj", "{CCDB0C07-4270-4253-B91A-9EB9FCDC8A05}"
EndProject
Project("{9A19103F-16F7-4668-BE54-9A1E7A4F7556}") = "Logistics.DbMigrator", "src\Server\Logistics.DbMigrator\Logistics.DbMigrator.csproj", "{F40A53FD-29ED-4D8A-A2CE-E7D08FFFA54F}"
EndProject
Project("{9A19103F-16F7-4668-BE54-9A1E7A4F7556}") = "Logistics.Application.Admin.Tests", "test\Logistics.Application.Admin.Tests\Logistics.Application.Admin.Tests.csproj", "{566AE1D3-A3AE-40CC-A781-95B342E6CD88}"
EndProject
Project("{9A19103F-16F7-4668-BE54-9A1E7A4F7556}") = "Logistics.DriverApp", "src\Client\Logistics.DriverApp\Logistics.DriverApp.csproj", "{920DFC2D-23C4-4662-BE89-1784DB7DC72F}"
EndProject
Project("{2150E333-8FDC-42A3-9474-1A3956D46DE8}") = "Shared", "Shared", "{D5694866-E7F1-4837-90DA-06CC062C35D4}"
EndProject
Project("{9A19103F-16F7-4668-BE54-9A1E7A4F7556}") = "Logistics.Shared", "src\Shared\Logistics.Shared\Logistics.Shared.csproj", "{1DBE287E-B5F8-4213-BF68-B7932AE641F6}"
EndProject
Project("{9A19103F-16F7-4668-BE54-9A1E7A4F7556}") = "Logistics.Shared.Models", "src\Shared\Logistics.Shared.Models\Logistics.Shared.Models.csproj", "{01EAEDA9-AD0A-457E-AACC-33F4B4EC27CC}"
EndProject
Project("{9A19103F-16F7-4668-BE54-9A1E7A4F7556}") = "Logistics.Shared.Consts", "src\Shared\Logistics.Shared.Consts\Logistics.Shared.Consts.csproj", "{EF45EFF1-E88C-4EB7-9505-C1A26377E118}"
EndProject
Project("{9A19103F-16F7-4668-BE54-9A1E7A4F7556}") = "Logistics.Mappings", "src\Server\Logistics.Mappings\Logistics.Mappings.csproj", "{999E7EC8-AE07-4FD9-8BF2-A1B92C7122F2}"
EndProject
Project("{9A19103F-16F7-4668-BE54-9A1E7A4F7556}") = "Logistics.AdminApp", "src\Client\Logistics.AdminApp\Logistics.AdminApp.csproj", "{81DAEA98-B520-4F4A-9FDF-FA378A7D6579}"
EndProject
Project("{2150E333-8FDC-42A3-9474-1A3956D46DE8}") = "Docs", "Docs", "{DA415F63-BA0F-4DBF-B776-6762D362BA37}"
	ProjectSection(SolutionItems) = preProject
		README.md = README.md
	EndProjectSection
EndProject
Global
	GlobalSection(SolutionConfigurationPlatforms) = preSolution
		Debug|Any CPU = Debug|Any CPU
		Debug|iPhone = Debug|iPhone
		Debug|iPhoneSimulator = Debug|iPhoneSimulator
		Release|Any CPU = Release|Any CPU
		Release|iPhone = Release|iPhone
		Release|iPhoneSimulator = Release|iPhoneSimulator
	EndGlobalSection
	GlobalSection(ProjectConfigurationPlatforms) = postSolution
		{E92A6E55-158F-48CE-9774-6E81DB77F81C}.Debug|Any CPU.ActiveCfg = Debug|Any CPU
		{E92A6E55-158F-48CE-9774-6E81DB77F81C}.Debug|Any CPU.Build.0 = Debug|Any CPU
		{E92A6E55-158F-48CE-9774-6E81DB77F81C}.Debug|iPhone.ActiveCfg = Debug|Any CPU
		{E92A6E55-158F-48CE-9774-6E81DB77F81C}.Debug|iPhone.Build.0 = Debug|Any CPU
		{E92A6E55-158F-48CE-9774-6E81DB77F81C}.Debug|iPhoneSimulator.ActiveCfg = Debug|Any CPU
		{E92A6E55-158F-48CE-9774-6E81DB77F81C}.Debug|iPhoneSimulator.Build.0 = Debug|Any CPU
		{E92A6E55-158F-48CE-9774-6E81DB77F81C}.Release|Any CPU.ActiveCfg = Release|Any CPU
		{E92A6E55-158F-48CE-9774-6E81DB77F81C}.Release|Any CPU.Build.0 = Release|Any CPU
		{E92A6E55-158F-48CE-9774-6E81DB77F81C}.Release|iPhone.ActiveCfg = Release|Any CPU
		{E92A6E55-158F-48CE-9774-6E81DB77F81C}.Release|iPhone.Build.0 = Release|Any CPU
		{E92A6E55-158F-48CE-9774-6E81DB77F81C}.Release|iPhoneSimulator.ActiveCfg = Release|Any CPU
		{E92A6E55-158F-48CE-9774-6E81DB77F81C}.Release|iPhoneSimulator.Build.0 = Release|Any CPU
		{0646E83A-CB9F-458A-BD84-8F2AE768CB91}.Debug|Any CPU.ActiveCfg = Debug|Any CPU
		{0646E83A-CB9F-458A-BD84-8F2AE768CB91}.Debug|Any CPU.Build.0 = Debug|Any CPU
		{0646E83A-CB9F-458A-BD84-8F2AE768CB91}.Debug|iPhone.ActiveCfg = Debug|Any CPU
		{0646E83A-CB9F-458A-BD84-8F2AE768CB91}.Debug|iPhone.Build.0 = Debug|Any CPU
		{0646E83A-CB9F-458A-BD84-8F2AE768CB91}.Debug|iPhoneSimulator.ActiveCfg = Debug|Any CPU
		{0646E83A-CB9F-458A-BD84-8F2AE768CB91}.Debug|iPhoneSimulator.Build.0 = Debug|Any CPU
		{0646E83A-CB9F-458A-BD84-8F2AE768CB91}.Release|Any CPU.ActiveCfg = Release|Any CPU
		{0646E83A-CB9F-458A-BD84-8F2AE768CB91}.Release|Any CPU.Build.0 = Release|Any CPU
		{0646E83A-CB9F-458A-BD84-8F2AE768CB91}.Release|iPhone.ActiveCfg = Release|Any CPU
		{0646E83A-CB9F-458A-BD84-8F2AE768CB91}.Release|iPhone.Build.0 = Release|Any CPU
		{0646E83A-CB9F-458A-BD84-8F2AE768CB91}.Release|iPhoneSimulator.ActiveCfg = Release|Any CPU
		{0646E83A-CB9F-458A-BD84-8F2AE768CB91}.Release|iPhoneSimulator.Build.0 = Release|Any CPU
		{A2272F96-50F5-40EA-88E7-15EA8EEE1022}.Debug|Any CPU.ActiveCfg = Debug|Any CPU
		{A2272F96-50F5-40EA-88E7-15EA8EEE1022}.Debug|Any CPU.Build.0 = Debug|Any CPU
		{A2272F96-50F5-40EA-88E7-15EA8EEE1022}.Debug|iPhone.ActiveCfg = Debug|Any CPU
		{A2272F96-50F5-40EA-88E7-15EA8EEE1022}.Debug|iPhone.Build.0 = Debug|Any CPU
		{A2272F96-50F5-40EA-88E7-15EA8EEE1022}.Debug|iPhoneSimulator.ActiveCfg = Debug|Any CPU
		{A2272F96-50F5-40EA-88E7-15EA8EEE1022}.Debug|iPhoneSimulator.Build.0 = Debug|Any CPU
		{A2272F96-50F5-40EA-88E7-15EA8EEE1022}.Release|Any CPU.ActiveCfg = Release|Any CPU
		{A2272F96-50F5-40EA-88E7-15EA8EEE1022}.Release|Any CPU.Build.0 = Release|Any CPU
		{A2272F96-50F5-40EA-88E7-15EA8EEE1022}.Release|iPhone.ActiveCfg = Release|Any CPU
		{A2272F96-50F5-40EA-88E7-15EA8EEE1022}.Release|iPhone.Build.0 = Release|Any CPU
		{A2272F96-50F5-40EA-88E7-15EA8EEE1022}.Release|iPhoneSimulator.ActiveCfg = Release|Any CPU
		{A2272F96-50F5-40EA-88E7-15EA8EEE1022}.Release|iPhoneSimulator.Build.0 = Release|Any CPU
		{48AA06BC-140B-49B8-AD72-95B5FC6A2D4B}.Debug|Any CPU.ActiveCfg = Debug|Any CPU
		{48AA06BC-140B-49B8-AD72-95B5FC6A2D4B}.Debug|Any CPU.Build.0 = Debug|Any CPU
		{48AA06BC-140B-49B8-AD72-95B5FC6A2D4B}.Debug|iPhone.ActiveCfg = Debug|Any CPU
		{48AA06BC-140B-49B8-AD72-95B5FC6A2D4B}.Debug|iPhone.Build.0 = Debug|Any CPU
		{48AA06BC-140B-49B8-AD72-95B5FC6A2D4B}.Debug|iPhoneSimulator.ActiveCfg = Debug|Any CPU
		{48AA06BC-140B-49B8-AD72-95B5FC6A2D4B}.Debug|iPhoneSimulator.Build.0 = Debug|Any CPU
		{48AA06BC-140B-49B8-AD72-95B5FC6A2D4B}.Release|Any CPU.ActiveCfg = Release|Any CPU
		{48AA06BC-140B-49B8-AD72-95B5FC6A2D4B}.Release|Any CPU.Build.0 = Release|Any CPU
		{48AA06BC-140B-49B8-AD72-95B5FC6A2D4B}.Release|iPhone.ActiveCfg = Release|Any CPU
		{48AA06BC-140B-49B8-AD72-95B5FC6A2D4B}.Release|iPhone.Build.0 = Release|Any CPU
		{48AA06BC-140B-49B8-AD72-95B5FC6A2D4B}.Release|iPhoneSimulator.ActiveCfg = Release|Any CPU
		{48AA06BC-140B-49B8-AD72-95B5FC6A2D4B}.Release|iPhoneSimulator.Build.0 = Release|Any CPU
		{77D09657-5BE2-4462-AE24-39612759625A}.Debug|Any CPU.ActiveCfg = Debug|Any CPU
		{77D09657-5BE2-4462-AE24-39612759625A}.Debug|Any CPU.Build.0 = Debug|Any CPU
		{77D09657-5BE2-4462-AE24-39612759625A}.Debug|iPhone.ActiveCfg = Debug|Any CPU
		{77D09657-5BE2-4462-AE24-39612759625A}.Debug|iPhone.Build.0 = Debug|Any CPU
		{77D09657-5BE2-4462-AE24-39612759625A}.Debug|iPhoneSimulator.ActiveCfg = Debug|Any CPU
		{77D09657-5BE2-4462-AE24-39612759625A}.Debug|iPhoneSimulator.Build.0 = Debug|Any CPU
		{77D09657-5BE2-4462-AE24-39612759625A}.Release|Any CPU.ActiveCfg = Release|Any CPU
		{77D09657-5BE2-4462-AE24-39612759625A}.Release|Any CPU.Build.0 = Release|Any CPU
		{77D09657-5BE2-4462-AE24-39612759625A}.Release|iPhone.ActiveCfg = Release|Any CPU
		{77D09657-5BE2-4462-AE24-39612759625A}.Release|iPhone.Build.0 = Release|Any CPU
		{77D09657-5BE2-4462-AE24-39612759625A}.Release|iPhoneSimulator.ActiveCfg = Release|Any CPU
		{77D09657-5BE2-4462-AE24-39612759625A}.Release|iPhoneSimulator.Build.0 = Release|Any CPU
		{CCDB0C07-4270-4253-B91A-9EB9FCDC8A05}.Debug|Any CPU.ActiveCfg = Debug|Any CPU
		{CCDB0C07-4270-4253-B91A-9EB9FCDC8A05}.Debug|Any CPU.Build.0 = Debug|Any CPU
		{CCDB0C07-4270-4253-B91A-9EB9FCDC8A05}.Debug|iPhone.ActiveCfg = Debug|Any CPU
		{CCDB0C07-4270-4253-B91A-9EB9FCDC8A05}.Debug|iPhone.Build.0 = Debug|Any CPU
		{CCDB0C07-4270-4253-B91A-9EB9FCDC8A05}.Debug|iPhoneSimulator.ActiveCfg = Debug|Any CPU
		{CCDB0C07-4270-4253-B91A-9EB9FCDC8A05}.Debug|iPhoneSimulator.Build.0 = Debug|Any CPU
		{CCDB0C07-4270-4253-B91A-9EB9FCDC8A05}.Release|Any CPU.ActiveCfg = Release|Any CPU
		{CCDB0C07-4270-4253-B91A-9EB9FCDC8A05}.Release|Any CPU.Build.0 = Release|Any CPU
		{CCDB0C07-4270-4253-B91A-9EB9FCDC8A05}.Release|iPhone.ActiveCfg = Release|Any CPU
		{CCDB0C07-4270-4253-B91A-9EB9FCDC8A05}.Release|iPhone.Build.0 = Release|Any CPU
		{CCDB0C07-4270-4253-B91A-9EB9FCDC8A05}.Release|iPhoneSimulator.ActiveCfg = Release|Any CPU
		{CCDB0C07-4270-4253-B91A-9EB9FCDC8A05}.Release|iPhoneSimulator.Build.0 = Release|Any CPU
		{F40A53FD-29ED-4D8A-A2CE-E7D08FFFA54F}.Debug|Any CPU.ActiveCfg = Debug|Any CPU
		{F40A53FD-29ED-4D8A-A2CE-E7D08FFFA54F}.Debug|Any CPU.Build.0 = Debug|Any CPU
		{F40A53FD-29ED-4D8A-A2CE-E7D08FFFA54F}.Debug|iPhone.ActiveCfg = Debug|Any CPU
		{F40A53FD-29ED-4D8A-A2CE-E7D08FFFA54F}.Debug|iPhone.Build.0 = Debug|Any CPU
		{F40A53FD-29ED-4D8A-A2CE-E7D08FFFA54F}.Debug|iPhoneSimulator.ActiveCfg = Debug|Any CPU
		{F40A53FD-29ED-4D8A-A2CE-E7D08FFFA54F}.Debug|iPhoneSimulator.Build.0 = Debug|Any CPU
		{F40A53FD-29ED-4D8A-A2CE-E7D08FFFA54F}.Release|Any CPU.ActiveCfg = Release|Any CPU
		{F40A53FD-29ED-4D8A-A2CE-E7D08FFFA54F}.Release|Any CPU.Build.0 = Release|Any CPU
		{F40A53FD-29ED-4D8A-A2CE-E7D08FFFA54F}.Release|iPhone.ActiveCfg = Release|Any CPU
		{F40A53FD-29ED-4D8A-A2CE-E7D08FFFA54F}.Release|iPhone.Build.0 = Release|Any CPU
		{F40A53FD-29ED-4D8A-A2CE-E7D08FFFA54F}.Release|iPhoneSimulator.ActiveCfg = Release|Any CPU
		{F40A53FD-29ED-4D8A-A2CE-E7D08FFFA54F}.Release|iPhoneSimulator.Build.0 = Release|Any CPU
		{566AE1D3-A3AE-40CC-A781-95B342E6CD88}.Debug|Any CPU.ActiveCfg = Debug|Any CPU
		{566AE1D3-A3AE-40CC-A781-95B342E6CD88}.Debug|Any CPU.Build.0 = Debug|Any CPU
		{566AE1D3-A3AE-40CC-A781-95B342E6CD88}.Debug|iPhone.ActiveCfg = Debug|Any CPU
		{566AE1D3-A3AE-40CC-A781-95B342E6CD88}.Debug|iPhone.Build.0 = Debug|Any CPU
		{566AE1D3-A3AE-40CC-A781-95B342E6CD88}.Debug|iPhoneSimulator.ActiveCfg = Debug|Any CPU
		{566AE1D3-A3AE-40CC-A781-95B342E6CD88}.Debug|iPhoneSimulator.Build.0 = Debug|Any CPU
		{566AE1D3-A3AE-40CC-A781-95B342E6CD88}.Release|Any CPU.ActiveCfg = Release|Any CPU
		{566AE1D3-A3AE-40CC-A781-95B342E6CD88}.Release|Any CPU.Build.0 = Release|Any CPU
		{566AE1D3-A3AE-40CC-A781-95B342E6CD88}.Release|iPhone.ActiveCfg = Release|Any CPU
		{566AE1D3-A3AE-40CC-A781-95B342E6CD88}.Release|iPhone.Build.0 = Release|Any CPU
		{566AE1D3-A3AE-40CC-A781-95B342E6CD88}.Release|iPhoneSimulator.ActiveCfg = Release|Any CPU
		{566AE1D3-A3AE-40CC-A781-95B342E6CD88}.Release|iPhoneSimulator.Build.0 = Release|Any CPU
		{920DFC2D-23C4-4662-BE89-1784DB7DC72F}.Debug|Any CPU.ActiveCfg = Debug|Any CPU
		{920DFC2D-23C4-4662-BE89-1784DB7DC72F}.Debug|Any CPU.Build.0 = Debug|Any CPU
		{920DFC2D-23C4-4662-BE89-1784DB7DC72F}.Debug|Any CPU.Deploy.0 = Debug|Any CPU
		{920DFC2D-23C4-4662-BE89-1784DB7DC72F}.Debug|iPhone.ActiveCfg = Debug|Any CPU
		{920DFC2D-23C4-4662-BE89-1784DB7DC72F}.Debug|iPhone.Build.0 = Debug|Any CPU
		{920DFC2D-23C4-4662-BE89-1784DB7DC72F}.Debug|iPhone.Deploy.0 = Debug|Any CPU
		{920DFC2D-23C4-4662-BE89-1784DB7DC72F}.Debug|iPhoneSimulator.ActiveCfg = Debug|Any CPU
		{920DFC2D-23C4-4662-BE89-1784DB7DC72F}.Debug|iPhoneSimulator.Build.0 = Debug|Any CPU
		{920DFC2D-23C4-4662-BE89-1784DB7DC72F}.Debug|iPhoneSimulator.Deploy.0 = Debug|Any CPU
		{920DFC2D-23C4-4662-BE89-1784DB7DC72F}.Release|Any CPU.ActiveCfg = Release|Any CPU
		{920DFC2D-23C4-4662-BE89-1784DB7DC72F}.Release|Any CPU.Build.0 = Release|Any CPU
		{920DFC2D-23C4-4662-BE89-1784DB7DC72F}.Release|Any CPU.Deploy.0 = Release|Any CPU
		{920DFC2D-23C4-4662-BE89-1784DB7DC72F}.Release|iPhone.ActiveCfg = Release|Any CPU
		{920DFC2D-23C4-4662-BE89-1784DB7DC72F}.Release|iPhone.Build.0 = Release|Any CPU
		{920DFC2D-23C4-4662-BE89-1784DB7DC72F}.Release|iPhone.Deploy.0 = Release|Any CPU
		{920DFC2D-23C4-4662-BE89-1784DB7DC72F}.Release|iPhoneSimulator.ActiveCfg = Release|Any CPU
		{920DFC2D-23C4-4662-BE89-1784DB7DC72F}.Release|iPhoneSimulator.Build.0 = Release|Any CPU
		{920DFC2D-23C4-4662-BE89-1784DB7DC72F}.Release|iPhoneSimulator.Deploy.0 = Release|Any CPU
		{1DBE287E-B5F8-4213-BF68-B7932AE641F6}.Debug|Any CPU.ActiveCfg = Debug|Any CPU
		{1DBE287E-B5F8-4213-BF68-B7932AE641F6}.Debug|Any CPU.Build.0 = Debug|Any CPU
		{1DBE287E-B5F8-4213-BF68-B7932AE641F6}.Debug|iPhone.ActiveCfg = Debug|Any CPU
		{1DBE287E-B5F8-4213-BF68-B7932AE641F6}.Debug|iPhone.Build.0 = Debug|Any CPU
		{1DBE287E-B5F8-4213-BF68-B7932AE641F6}.Debug|iPhoneSimulator.ActiveCfg = Debug|Any CPU
		{1DBE287E-B5F8-4213-BF68-B7932AE641F6}.Debug|iPhoneSimulator.Build.0 = Debug|Any CPU
		{1DBE287E-B5F8-4213-BF68-B7932AE641F6}.Release|Any CPU.ActiveCfg = Release|Any CPU
		{1DBE287E-B5F8-4213-BF68-B7932AE641F6}.Release|Any CPU.Build.0 = Release|Any CPU
		{1DBE287E-B5F8-4213-BF68-B7932AE641F6}.Release|iPhone.ActiveCfg = Release|Any CPU
		{1DBE287E-B5F8-4213-BF68-B7932AE641F6}.Release|iPhone.Build.0 = Release|Any CPU
		{1DBE287E-B5F8-4213-BF68-B7932AE641F6}.Release|iPhoneSimulator.ActiveCfg = Release|Any CPU
		{1DBE287E-B5F8-4213-BF68-B7932AE641F6}.Release|iPhoneSimulator.Build.0 = Release|Any CPU
		{01EAEDA9-AD0A-457E-AACC-33F4B4EC27CC}.Debug|Any CPU.ActiveCfg = Debug|Any CPU
		{01EAEDA9-AD0A-457E-AACC-33F4B4EC27CC}.Debug|Any CPU.Build.0 = Debug|Any CPU
		{01EAEDA9-AD0A-457E-AACC-33F4B4EC27CC}.Debug|iPhone.ActiveCfg = Debug|Any CPU
		{01EAEDA9-AD0A-457E-AACC-33F4B4EC27CC}.Debug|iPhone.Build.0 = Debug|Any CPU
		{01EAEDA9-AD0A-457E-AACC-33F4B4EC27CC}.Debug|iPhoneSimulator.ActiveCfg = Debug|Any CPU
		{01EAEDA9-AD0A-457E-AACC-33F4B4EC27CC}.Debug|iPhoneSimulator.Build.0 = Debug|Any CPU
		{01EAEDA9-AD0A-457E-AACC-33F4B4EC27CC}.Release|Any CPU.ActiveCfg = Release|Any CPU
		{01EAEDA9-AD0A-457E-AACC-33F4B4EC27CC}.Release|Any CPU.Build.0 = Release|Any CPU
		{01EAEDA9-AD0A-457E-AACC-33F4B4EC27CC}.Release|iPhone.ActiveCfg = Release|Any CPU
		{01EAEDA9-AD0A-457E-AACC-33F4B4EC27CC}.Release|iPhone.Build.0 = Release|Any CPU
		{01EAEDA9-AD0A-457E-AACC-33F4B4EC27CC}.Release|iPhoneSimulator.ActiveCfg = Release|Any CPU
		{01EAEDA9-AD0A-457E-AACC-33F4B4EC27CC}.Release|iPhoneSimulator.Build.0 = Release|Any CPU
		{EF45EFF1-E88C-4EB7-9505-C1A26377E118}.Debug|Any CPU.ActiveCfg = Debug|Any CPU
		{EF45EFF1-E88C-4EB7-9505-C1A26377E118}.Debug|Any CPU.Build.0 = Debug|Any CPU
		{EF45EFF1-E88C-4EB7-9505-C1A26377E118}.Debug|iPhone.ActiveCfg = Debug|Any CPU
		{EF45EFF1-E88C-4EB7-9505-C1A26377E118}.Debug|iPhone.Build.0 = Debug|Any CPU
		{EF45EFF1-E88C-4EB7-9505-C1A26377E118}.Debug|iPhoneSimulator.ActiveCfg = Debug|Any CPU
		{EF45EFF1-E88C-4EB7-9505-C1A26377E118}.Debug|iPhoneSimulator.Build.0 = Debug|Any CPU
		{EF45EFF1-E88C-4EB7-9505-C1A26377E118}.Release|Any CPU.ActiveCfg = Release|Any CPU
		{EF45EFF1-E88C-4EB7-9505-C1A26377E118}.Release|Any CPU.Build.0 = Release|Any CPU
		{EF45EFF1-E88C-4EB7-9505-C1A26377E118}.Release|iPhone.ActiveCfg = Release|Any CPU
		{EF45EFF1-E88C-4EB7-9505-C1A26377E118}.Release|iPhone.Build.0 = Release|Any CPU
		{EF45EFF1-E88C-4EB7-9505-C1A26377E118}.Release|iPhoneSimulator.ActiveCfg = Release|Any CPU
		{EF45EFF1-E88C-4EB7-9505-C1A26377E118}.Release|iPhoneSimulator.Build.0 = Release|Any CPU
		{999E7EC8-AE07-4FD9-8BF2-A1B92C7122F2}.Debug|Any CPU.ActiveCfg = Debug|Any CPU
		{999E7EC8-AE07-4FD9-8BF2-A1B92C7122F2}.Debug|Any CPU.Build.0 = Debug|Any CPU
		{999E7EC8-AE07-4FD9-8BF2-A1B92C7122F2}.Debug|iPhone.ActiveCfg = Debug|Any CPU
		{999E7EC8-AE07-4FD9-8BF2-A1B92C7122F2}.Debug|iPhone.Build.0 = Debug|Any CPU
		{999E7EC8-AE07-4FD9-8BF2-A1B92C7122F2}.Debug|iPhoneSimulator.ActiveCfg = Debug|Any CPU
		{999E7EC8-AE07-4FD9-8BF2-A1B92C7122F2}.Debug|iPhoneSimulator.Build.0 = Debug|Any CPU
		{999E7EC8-AE07-4FD9-8BF2-A1B92C7122F2}.Release|Any CPU.ActiveCfg = Release|Any CPU
		{999E7EC8-AE07-4FD9-8BF2-A1B92C7122F2}.Release|Any CPU.Build.0 = Release|Any CPU
		{999E7EC8-AE07-4FD9-8BF2-A1B92C7122F2}.Release|iPhone.ActiveCfg = Release|Any CPU
		{999E7EC8-AE07-4FD9-8BF2-A1B92C7122F2}.Release|iPhone.Build.0 = Release|Any CPU
		{999E7EC8-AE07-4FD9-8BF2-A1B92C7122F2}.Release|iPhoneSimulator.ActiveCfg = Release|Any CPU
		{999E7EC8-AE07-4FD9-8BF2-A1B92C7122F2}.Release|iPhoneSimulator.Build.0 = Release|Any CPU
		{81DAEA98-B520-4F4A-9FDF-FA378A7D6579}.Debug|Any CPU.ActiveCfg = Debug|Any CPU
		{81DAEA98-B520-4F4A-9FDF-FA378A7D6579}.Debug|Any CPU.Build.0 = Debug|Any CPU
		{81DAEA98-B520-4F4A-9FDF-FA378A7D6579}.Debug|iPhone.ActiveCfg = Debug|Any CPU
		{81DAEA98-B520-4F4A-9FDF-FA378A7D6579}.Debug|iPhone.Build.0 = Debug|Any CPU
		{81DAEA98-B520-4F4A-9FDF-FA378A7D6579}.Debug|iPhoneSimulator.ActiveCfg = Debug|Any CPU
		{81DAEA98-B520-4F4A-9FDF-FA378A7D6579}.Debug|iPhoneSimulator.Build.0 = Debug|Any CPU
		{81DAEA98-B520-4F4A-9FDF-FA378A7D6579}.Release|Any CPU.ActiveCfg = Release|Any CPU
		{81DAEA98-B520-4F4A-9FDF-FA378A7D6579}.Release|Any CPU.Build.0 = Release|Any CPU
		{81DAEA98-B520-4F4A-9FDF-FA378A7D6579}.Release|iPhone.ActiveCfg = Release|Any CPU
		{81DAEA98-B520-4F4A-9FDF-FA378A7D6579}.Release|iPhone.Build.0 = Release|Any CPU
		{81DAEA98-B520-4F4A-9FDF-FA378A7D6579}.Release|iPhoneSimulator.ActiveCfg = Release|Any CPU
		{81DAEA98-B520-4F4A-9FDF-FA378A7D6579}.Release|iPhoneSimulator.Build.0 = Release|Any CPU
	EndGlobalSection
	GlobalSection(SolutionProperties) = preSolution
		HideSolutionNode = FALSE
	EndGlobalSection
	GlobalSection(NestedProjects) = preSolution
		{A2272F96-50F5-40EA-88E7-15EA8EEE1022} = {61325513-BB52-47A8-AFDD-755454AD71F8}
		{48AA06BC-140B-49B8-AD72-95B5FC6A2D4B} = {F47DBB17-4146-4B24-9E95-5CE0DF59BF35}
		{CCDB0C07-4270-4253-B91A-9EB9FCDC8A05} = {F47DBB17-4146-4B24-9E95-5CE0DF59BF35}
		{566AE1D3-A3AE-40CC-A781-95B342E6CD88} = {7B06ED10-5DDF-4EFB-9CD7-37B9415EDD3D}
		{920DFC2D-23C4-4662-BE89-1784DB7DC72F} = {61325513-BB52-47A8-AFDD-755454AD71F8}
		{1DBE287E-B5F8-4213-BF68-B7932AE641F6} = {D5694866-E7F1-4837-90DA-06CC062C35D4}
		{01EAEDA9-AD0A-457E-AACC-33F4B4EC27CC} = {D5694866-E7F1-4837-90DA-06CC062C35D4}
		{EF45EFF1-E88C-4EB7-9505-C1A26377E118} = {D5694866-E7F1-4837-90DA-06CC062C35D4}
		{81DAEA98-B520-4F4A-9FDF-FA378A7D6579} = {61325513-BB52-47A8-AFDD-755454AD71F8}
		{77D09657-5BE2-4462-AE24-39612759625A} = {F47DBB17-4146-4B24-9E95-5CE0DF59BF35}
		{F40A53FD-29ED-4D8A-A2CE-E7D08FFFA54F} = {F47DBB17-4146-4B24-9E95-5CE0DF59BF35}
		{E92A6E55-158F-48CE-9774-6E81DB77F81C} = {F47DBB17-4146-4B24-9E95-5CE0DF59BF35}
		{0646E83A-CB9F-458A-BD84-8F2AE768CB91} = {F47DBB17-4146-4B24-9E95-5CE0DF59BF35}
		{999E7EC8-AE07-4FD9-8BF2-A1B92C7122F2} = {F47DBB17-4146-4B24-9E95-5CE0DF59BF35}
	EndGlobalSection
	GlobalSection(ExtensibilityGlobals) = postSolution
		SolutionGuid = {C75A7F7A-4BBD-445A-9FCC-B0D18AAA404B}
	EndGlobalSection
EndGlobal
